
Microsoft Visual Studio Solution File, Format Version 12.00
# Visual Studio Version 17
VisualStudioVersion = 17.0.31903.59
MinimumVisualStudioVersion = 10.0.40219.1
Project("{2150E333-8FDC-42A3-9474-1A3956D46DE8}") = "src", "src", "{EB3E58CA-27F5-4371-9825-5DAF3FE95D3B}"
EndProject
Project("{FAE04EC0-301F-11D3-BF4B-00C04F79EFBC}") = "Relay", "src\Relay\Relay.csproj", "{199171EA-0BED-499F-B191-1522B30F081A}"
EndProject
Project("{FAE04EC0-301F-11D3-BF4B-00C04F79EFBC}") = "Unit", "tests\Unit\Unit.csproj", "{0580606C-3D6C-4F12-A8F7-E4ED78E4C300}"
EndProject
Project("{2150E333-8FDC-42A3-9474-1A3956D46DE8}") = "tests", "tests", "{49FCF9F0-789E-4812-8E13-C9C06CEE4718}"
EndProject
Project("{FAE04EC0-301F-11D3-BF4B-00C04F79EFBC}") = "Integration", "tests\Integration\Integration.csproj", "{733753CC-DB77-44A9-AF95-4B99A6BC518E}"
EndProject
Global
	GlobalSection(SolutionConfigurationPlatforms) = preSolution
		Debug|Any CPU = Debug|Any CPU
		Release|Any CPU = Release|Any CPU
	EndGlobalSection
	GlobalSection(SolutionProperties) = preSolution
		HideSolutionNode = FALSE
	EndGlobalSection
	GlobalSection(ProjectConfigurationPlatforms) = postSolution
		{199171EA-0BED-499F-B191-1522B30F081A}.Debug|Any CPU.ActiveCfg = Debug|Any CPU
		{199171EA-0BED-499F-B191-1522B30F081A}.Debug|Any CPU.Build.0 = Debug|Any CPU
		{199171EA-0BED-499F-B191-1522B30F081A}.Release|Any CPU.ActiveCfg = Release|Any CPU
		{199171EA-0BED-499F-B191-1522B30F081A}.Release|Any CPU.Build.0 = Release|Any CPU
		{0580606C-3D6C-4F12-A8F7-E4ED78E4C300}.Debug|Any CPU.ActiveCfg = Debug|Any CPU
		{0580606C-3D6C-4F12-A8F7-E4ED78E4C300}.Debug|Any CPU.Build.0 = Debug|Any CPU
		{0580606C-3D6C-4F12-A8F7-E4ED78E4C300}.Release|Any CPU.ActiveCfg = Release|Any CPU
		{0580606C-3D6C-4F12-A8F7-E4ED78E4C300}.Release|Any CPU.Build.0 = Release|Any CPU
		{733753CC-DB77-44A9-AF95-4B99A6BC518E}.Debug|Any CPU.ActiveCfg = Debug|Any CPU
		{733753CC-DB77-44A9-AF95-4B99A6BC518E}.Debug|Any CPU.Build.0 = Debug|Any CPU
		{733753CC-DB77-44A9-AF95-4B99A6BC518E}.Release|Any CPU.ActiveCfg = Release|Any CPU
		{733753CC-DB77-44A9-AF95-4B99A6BC518E}.Release|Any CPU.Build.0 = Release|Any CPU
	EndGlobalSection
	GlobalSection(NestedProjects) = preSolution
		{199171EA-0BED-499F-B191-1522B30F081A} = {EB3E58CA-27F5-4371-9825-5DAF3FE95D3B}
		{0580606C-3D6C-4F12-A8F7-E4ED78E4C300} = {49FCF9F0-789E-4812-8E13-C9C06CEE4718}
		{733753CC-DB77-44A9-AF95-4B99A6BC518E} = {49FCF9F0-789E-4812-8E13-C9C06CEE4718}
	EndGlobalSection
EndGlobal
